
Microsoft Visual Studio Solution File, Format Version 12.00
# Visual Studio 15
Project("{FAE04EC0-301F-11D3-BF4B-00C04F79EFBC}") = "Assembly-CSharp", "Assembly-CSharp.csproj", "{C6A74635-3262-FF06-E0F2-C344E5A628E0}"
EndProject
Project("{FAE04EC0-301F-11D3-BF4B-00C04F79EFBC}") = "UOP1.StateMachine", "UOP1.StateMachine.csproj", "{944252AC-5344-99E7-D350-FF9437EED56E}"
EndProject
Project("{FAE04EC0-301F-11D3-BF4B-00C04F79EFBC}") = "Assembly-CSharp-Editor", "Assembly-CSharp-Editor.csproj", "{088AA4A6-75D4-501E-3AD2-B5752B718E8F}"
EndProject
Project("{FAE04EC0-301F-11D3-BF4B-00C04F79EFBC}") = "UOP1.StateMachine.Editor", "UOP1.StateMachine.Editor.csproj", "{A8D69DF4-7487-1A43-7FCF-2C634E976E2E}"
EndProject
Global
	GlobalSection(SolutionConfigurationPlatforms) = preSolution
		Debug|Any CPU = Debug|Any CPU
		Release|Any CPU = Release|Any CPU
	EndGlobalSection
	GlobalSection(ProjectConfigurationPlatforms) = postSolution
		{C6A74635-3262-FF06-E0F2-C344E5A628E0}.Debug|Any CPU.ActiveCfg = Debug|Any CPU
		{C6A74635-3262-FF06-E0F2-C344E5A628E0}.Debug|Any CPU.Build.0 = Debug|Any CPU
		{C6A74635-3262-FF06-E0F2-C344E5A628E0}.Release|Any CPU.ActiveCfg = Release|Any CPU
		{C6A74635-3262-FF06-E0F2-C344E5A628E0}.Release|Any CPU.Build.0 = Release|Any CPU
		{944252AC-5344-99E7-D350-FF9437EED56E}.Debug|Any CPU.ActiveCfg = Debug|Any CPU
		{944252AC-5344-99E7-D350-FF9437EED56E}.Debug|Any CPU.Build.0 = Debug|Any CPU
		{944252AC-5344-99E7-D350-FF9437EED56E}.Release|Any CPU.ActiveCfg = Release|Any CPU
		{944252AC-5344-99E7-D350-FF9437EED56E}.Release|Any CPU.Build.0 = Release|Any CPU
		{088AA4A6-75D4-501E-3AD2-B5752B718E8F}.Debug|Any CPU.ActiveCfg = Debug|Any CPU
		{088AA4A6-75D4-501E-3AD2-B5752B718E8F}.Debug|Any CPU.Build.0 = Debug|Any CPU
		{088AA4A6-75D4-501E-3AD2-B5752B718E8F}.Release|Any CPU.ActiveCfg = Release|Any CPU
		{088AA4A6-75D4-501E-3AD2-B5752B718E8F}.Release|Any CPU.Build.0 = Release|Any CPU
		{A8D69DF4-7487-1A43-7FCF-2C634E976E2E}.Debug|Any CPU.ActiveCfg = Debug|Any CPU
		{A8D69DF4-7487-1A43-7FCF-2C634E976E2E}.Debug|Any CPU.Build.0 = Debug|Any CPU
		{A8D69DF4-7487-1A43-7FCF-2C634E976E2E}.Release|Any CPU.ActiveCfg = Release|Any CPU
		{A8D69DF4-7487-1A43-7FCF-2C634E976E2E}.Release|Any CPU.Build.0 = Release|Any CPU
	EndGlobalSection
	GlobalSection(SolutionProperties) = preSolution
		HideSolutionNode = FALSE
	EndGlobalSection
EndGlobal
